
Microsoft Visual Studio Solution File, Format Version 12.00
# Visual Studio Version 16
VisualStudioVersion = 16.0.31624.102
MinimumVisualStudioVersion = 10.0.40219.1
Project("{8BC9CEB8-8B4A-11D0-8D11-00A0C91BC942}") = "СelsiusToFahrenheit", "СelsiusToFahrenheit\СelsiusToFahrenheit.vcxproj", "{DABFF0E2-C4CD-447D-B47F-B86E003E88AD}"
EndProject
Global
	GlobalSection(SolutionConfigurationPlatforms) = preSolution
		Debug|x64 = Debug|x64
		Debug|x86 = Debug|x86
		Release|x64 = Release|x64
		Release|x86 = Release|x86
	EndGlobalSection
	GlobalSection(ProjectConfigurationPlatforms) = postSolution
		{DABFF0E2-C4CD-447D-B47F-B86E003E88AD}.Debug|x64.ActiveCfg = Debug|x64
		{DABFF0E2-C4CD-447D-B47F-B86E003E88AD}.Debug|x64.Build.0 = Debug|x64
		{DABFF0E2-C4CD-447D-B47F-B86E003E88AD}.Debug|x86.ActiveCfg = Debug|Win32
		{DABFF0E2-C4CD-447D-B47F-B86E003E88AD}.Debug|x86.Build.0 = Debug|Win32
		{DABFF0E2-C4CD-447D-B47F-B86E003E88AD}.Release|x64.ActiveCfg = Release|x64
		{DABFF0E2-C4CD-447D-B47F-B86E003E88AD}.Release|x64.Build.0 = Release|x64
		{DABFF0E2-C4CD-447D-B47F-B86E003E88AD}.Release|x86.ActiveCfg = Release|Win32
		{DABFF0E2-C4CD-447D-B47F-B86E003E88AD}.Release|x86.Build.0 = Release|Win32
	EndGlobalSection
	GlobalSection(SolutionProperties) = preSolution
		HideSolutionNode = FALSE
	EndGlobalSection
	GlobalSection(ExtensibilityGlobals) = postSolution
		SolutionGuid = {B23C5FF2-2FFA-41AD-85F2-737317ECF023}
	EndGlobalSection
EndGlobal
